
Microsoft Visual Studio Solution File, Format Version 12.00
# Visual Studio Version 16
VisualStudioVersion = 16.0.29326.143
MinimumVisualStudioVersion = 10.0.40219.1
Project("{FAE04EC0-301F-11D3-BF4B-00C04F79EFBC}") = "AdvancedPortfolio05-JillAtkins", "AdvancedPortfolio05-JillAtkins\AdvancedPortfolio05-JillAtkins.csproj", "{360A85BB-72F2-4037-9CA4-AF0B4FBA42A2}"
EndProject
Global
	GlobalSection(SolutionConfigurationPlatforms) = preSolution
		Debug|Any CPU = Debug|Any CPU
		Release|Any CPU = Release|Any CPU
	EndGlobalSection
	GlobalSection(ProjectConfigurationPlatforms) = postSolution
		{360A85BB-72F2-4037-9CA4-AF0B4FBA42A2}.Debug|Any CPU.ActiveCfg = Debug|Any CPU
		{360A85BB-72F2-4037-9CA4-AF0B4FBA42A2}.Debug|Any CPU.Build.0 = Debug|Any CPU
		{360A85BB-72F2-4037-9CA4-AF0B4FBA42A2}.Release|Any CPU.ActiveCfg = Release|Any CPU
		{360A85BB-72F2-4037-9CA4-AF0B4FBA42A2}.Release|Any CPU.Build.0 = Release|Any CPU
	EndGlobalSection
	GlobalSection(SolutionProperties) = preSolution
		HideSolutionNode = FALSE
	EndGlobalSection
	GlobalSection(ExtensibilityGlobals) = postSolution
		SolutionGuid = {12AA6B44-737E-4BD0-A9F2-7CBB6CD6EE9A}
	EndGlobalSection
EndGlobal
